{
  "version": "3",
  "packages": {
    "specifiers": {
      "npm:cloudflare-redirect-parser@^0.1.0": "npm:cloudflare-redirect-parser@0.1.0",
      "npm:defu@^6.1.4": "npm:defu@6.1.4",
      "npm:type-fest@^4.21.0": "npm:type-fest@4.21.0",
      "npm:vite@^5.4.2": "npm:vite@5.4.6"
    },
    "npm": {
      "@types/estree@1.0.5": {
        "integrity": "sha512-/kYRxGDLWzHOB7q+wtSUQlFrtcdUccpfy+X+9iMBpHK8QLLhx2wIPYuS5DYtR9Wa/YlZAbIovy7qVdB1Aq6Lyw==",
        "dependencies": {}
      },
      "cloudflare-redirect-parser@0.1.0": {
        "integrity": "sha512-M4pDIvjLX4wuC9SX1CaQ3ClLIgNOa37gaeL4c31cCJpJ2b+GlaXybnB14iUTtuGbhmS+Eu6JGLoWbiJ2PW8g+A==",
        "dependencies": {}
      },
      "defu@6.1.4": {
        "integrity": "sha512-mEQCMmwJu317oSz8CwdIOdwf3xMif1ttiM8LTufzc3g6kR+9Pe236twL8j3IYT1F7GfRgGcW6MWxzZjLIkuHIg==",
        "dependencies": {}
      },
      "esbuild@0.21.5": {
        "integrity": "sha512-mg3OPMV4hXywwpoDxu3Qda5xCKQi+vCTZq8S9J/EpkhB2HzKXq4SNFZE3+NK93JYxc8VMSep+lOUSC/RVKaBqw==",
        "dependencies": {}
      },
      "nanoid@3.3.7": {
        "integrity": "sha512-eSRppjcPIatRIMC1U6UngP8XFcz8MQWGQdt1MTBQ7NaAmvXDfvNxbvWV3x2y6CdEUciCSsDHDQZbhYaB8QEo2g==",
        "dependencies": {}
      },
      "picocolors@1.1.0": {
        "integrity": "sha512-TQ92mBOW0l3LeMeyLV6mzy/kWr8lkd/hp3mTg7wYK7zJhuBStmGMBG0BdeDZS/dZx1IukaX6Bk11zcln25o1Aw==",
        "dependencies": {}
      },
      "postcss@8.4.47": {
        "integrity": "sha512-56rxCq7G/XfB4EkXq9Egn5GCqugWvDFjafDOThIdMBsI15iqPqR5r15TfSr1YPYeEI19YeaXMCbY6u88Y76GLQ==",
        "dependencies": {
          "nanoid": "nanoid@3.3.7",
          "picocolors": "picocolors@1.1.0",
          "source-map-js": "source-map-js@1.2.1"
        }
      },
      "rollup@4.21.3": {
        "integrity": "sha512-7sqRtBNnEbcBtMeRVc6VRsJMmpI+JU1z9VTvW8D4gXIYQFz0aLcsE6rRkyghZkLfEgUZgVvOG7A5CVz/VW5GIA==",
        "dependencies": {
          "@types/estree": "@types/estree@1.0.5"
        }
      },
      "source-map-js@1.2.1": {
        "integrity": "sha512-UXWMKhLOwVKb728IUtQPXxfYU+usdybtUrK/8uGE8CQMvrhOpwvzDBwj0QhSL7MQc7vIsISBG8VQ8+IDQxpfQA==",
        "dependencies": {}
      },
      "type-fest@4.21.0": {
        "integrity": "sha512-ADn2w7hVPcK6w1I0uWnM//y1rLXZhzB9mr0a3OirzclKF1Wp6VzevUmzz/NRAWunOT6E8HrnpGY7xOfc6K57fA==",
        "dependencies": {}
      },
      "vite@5.4.6": {
        "integrity": "sha512-IeL5f8OO5nylsgzd9tq4qD2QqI0k2CQLGrWD0rCN0EQJZpBK5vJAx0I+GDkMOXxQX/OfFHMuLIx6ddAxGX/k+Q==",
        "dependencies": {
          "esbuild": "esbuild@0.21.5",
          "postcss": "postcss@8.4.47",
          "rollup": "rollup@4.21.3"
        }
      }
    }
  },
  "remote": {},
  "workspace": {
    "dependencies": [
      "npm:cloudflare-redirect-parser@^0.1.0",
      "npm:defu@^6.1.4",
      "npm:vite@^5.4.2"
    ]
  }
}
